// !$*UTF8*$!
{
	archiveVersion = 1;
	classes = {
	};
	objectVersion = 50;
	objects = {

/* Begin PBXBuildFile section */
		F41632D0215E0EC900F5BE2D /* AppDelegate.swift in Sources */ = {isa = PBXBuildFile; fileRef = F41632CF215E0EC900F5BE2D /* AppDelegate.swift */; };
		F41632D2215E0EC900F5BE2D /* ViewController.swift in Sources */ = {isa = PBXBuildFile; fileRef = F41632D1215E0EC900F5BE2D /* ViewController.swift */; };
		F41632D5215E0EC900F5BE2D /* Main.storyboard in Resources */ = {isa = PBXBuildFile; fileRef = F41632D3215E0EC900F5BE2D /* Main.storyboard */; };
		F41632D7215E0ECA00F5BE2D /* Assets.xcassets in Resources */ = {isa = PBXBuildFile; fileRef = F41632D6215E0ECA00F5BE2D /* Assets.xcassets */; };
		F41632DA215E0ECA00F5BE2D /* LaunchScreen.storyboard in Resources */ = {isa = PBXBuildFile; fileRef = F41632D8215E0ECA00F5BE2D /* LaunchScreen.storyboard */; };
		F41632E5215E0ECA00F5BE2D /* HelloTests.swift in Sources */ = {isa = PBXBuildFile; fileRef = F41632E4215E0ECA00F5BE2D /* HelloTests.swift */; };
		F41632F0215E0ECA00F5BE2D /* HelloUITests.swift in Sources */ = {isa = PBXBuildFile; fileRef = F41632EF215E0ECA00F5BE2D /* HelloUITests.swift */; };
/* End PBXBuildFile section */

/* Begin PBXContainerItemProxy section */
		F41632E1215E0ECA00F5BE2D /* PBXContainerItemProxy */ = {
			isa = PBXContainerItemProxy;
			containerPortal = F41632C4215E0EC900F5BE2D /* Project object */;
			proxyType = 1;
			remoteGlobalIDString = F41632CB215E0EC900F5BE2D;
			remoteInfo = Hello;
		};
		F41632EC215E0ECA00F5BE2D /* PBXContainerItemProxy */ = {
			isa = PBXContainerItemProxy;
			containerPortal = F41632C4215E0EC900F5BE2D /* Project object */;
			proxyType = 1;
			remoteGlobalIDString = F41632CB215E0EC900F5BE2D;
			remoteInfo = Hello;
		};
/* End PBXContainerItemProxy section */

/* Begin PBXFileReference section */
		F41632CC215E0EC900F5BE2D /* Hello.app */ = {isa = PBXFileReference; explicitFileType = wrapper.application; includeInIndex = 0; path = Hello.app; sourceTree = BUILT_PRODUCTS_DIR; };
		F41632CF215E0EC900F5BE2D /* AppDelegate.swift */ = {isa = PBXFileReference; lastKnownFileType = sourcecode.swift; path = AppDelegate.swift; sourceTree = "<group>"; };
		F41632D1215E0EC900F5BE2D /* ViewController.swift */ = {isa = PBXFileReference; lastKnownFileType = sourcecode.swift; path = ViewController.swift; sourceTree = "<group>"; };
		F41632D4215E0EC900F5BE2D /* Base */ = {isa = PBXFileReference; lastKnownFileType = file.storyboard; name = Base; path = Base.lproj/Main.storyboard; sourceTree = "<group>"; };
		F41632D6215E0ECA00F5BE2D /* Assets.xcassets */ = {isa = PBXFileReference; lastKnownFileType = folder.assetcatalog; path = Assets.xcassets; sourceTree = "<group>"; };
		F41632D9215E0ECA00F5BE2D /* Base */ = {isa = PBXFileReference; lastKnownFileType = file.storyboard; name = Base; path = Base.lproj/LaunchScreen.storyboard; sourceTree = "<group>"; };
		F41632DB215E0ECA00F5BE2D /* Info.plist */ = {isa = PBXFileReference; lastKnownFileType = text.plist.xml; path = Info.plist; sourceTree = "<group>"; };
		F41632E0215E0ECA00F5BE2D /* HelloTests.xctest */ = {isa = PBXFileReference; explicitFileType = wrapper.cfbundle; includeInIndex = 0; path = HelloTests.xctest; sourceTree = BUILT_PRODUCTS_DIR; };
		F41632E4215E0ECA00F5BE2D /* HelloTests.swift */ = {isa = PBXFileReference; lastKnownFileType = sourcecode.swift; path = HelloTests.swift; sourceTree = "<group>"; };
		F41632E6215E0ECA00F5BE2D /* Info.plist */ = {isa = PBXFileReference; lastKnownFileType = text.plist.xml; path = Info.plist; sourceTree = "<group>"; };
		F41632EB215E0ECA00F5BE2D /* HelloUITests.xctest */ = {isa = PBXFileReference; explicitFileType = wrapper.cfbundle; includeInIndex = 0; path = HelloUITests.xctest; sourceTree = BUILT_PRODUCTS_DIR; };
		F41632EF215E0ECA00F5BE2D /* HelloUITests.swift */ = {isa = PBXFileReference; lastKnownFileType = sourcecode.swift; path = HelloUITests.swift; sourceTree = "<group>"; };
		F41632F1215E0ECA00F5BE2D /* Info.plist */ = {isa = PBXFileReference; lastKnownFileType = text.plist.xml; path = Info.plist; sourceTree = "<group>"; };
/* End PBXFileReference section */

/* Begin PBXFrameworksBuildPhase section */
		F41632C9215E0EC900F5BE2D /* Frameworks */ = {
			isa = PBXFrameworksBuildPhase;
			buildActionMask = 2147483647;
			files = (
			);
			runOnlyForDeploymentPostprocessing = 0;
		};
		F41632DD215E0ECA00F5BE2D /* Frameworks */ = {
			isa = PBXFrameworksBuildPhase;
			buildActionMask = 2147483647;
			files = (
			);
			runOnlyForDeploymentPostprocessing = 0;
		};
		F41632E8215E0ECA00F5BE2D /* Frameworks */ = {
			isa = PBXFrameworksBuildPhase;
			buildActionMask = 2147483647;
			files = (
			);
			runOnlyForDeploymentPostprocessing = 0;
		};
/* End PBXFrameworksBuildPhase section */

/* Begin PBXGroup section */
		F41632C3215E0EC900F5BE2D = {
			isa = PBXGroup;
			children = (
				F41632CE215E0EC900F5BE2D /* Hello */,
				F41632E3215E0ECA00F5BE2D /* HelloTests */,
				F41632EE215E0ECA00F5BE2D /* HelloUITests */,
				F41632CD215E0EC900F5BE2D /* Products */,
			);
			sourceTree = "<group>";
		};
		F41632CD215E0EC900F5BE2D /* Products */ = {
			isa = PBXGroup;
			children = (
				F41632CC215E0EC900F5BE2D /* Hello.app */,
				F41632E0215E0ECA00F5BE2D /* HelloTests.xctest */,
				F41632EB215E0ECA00F5BE2D /* HelloUITests.xctest */,
			);
			name = Products;
			sourceTree = "<group>";
		};
		F41632CE215E0EC900F5BE2D /* Hello */ = {
			isa = PBXGroup;
			children = (
				F41632CF215E0EC900F5BE2D /* AppDelegate.swift */,
				F41632D1215E0EC900F5BE2D /* ViewController.swift */,
				F41632D3215E0EC900F5BE2D /* Main.storyboard */,
				F41632D6215E0ECA00F5BE2D /* Assets.xcassets */,
				F41632D8215E0ECA00F5BE2D /* LaunchScreen.storyboard */,
				F41632DB215E0ECA00F5BE2D /* Info.plist */,
			);
			path = Hello;
			sourceTree = "<group>";
		};
		F41632E3215E0ECA00F5BE2D /* HelloTests */ = {
			isa = PBXGroup;
			children = (
				F41632E4215E0ECA00F5BE2D /* HelloTests.swift */,
				F41632E6215E0ECA00F5BE2D /* Info.plist */,
			);
			path = HelloTests;
			sourceTree = "<group>";
		};
		F41632EE215E0ECA00F5BE2D /* HelloUITests */ = {
			isa = PBXGroup;
			children = (
				F41632EF215E0ECA00F5BE2D /* HelloUITests.swift */,
				F41632F1215E0ECA00F5BE2D /* Info.plist */,
			);
			path = HelloUITests;
			sourceTree = "<group>";
		};
/* End PBXGroup section */

/* Begin PBXNativeTarget section */
		F41632CB215E0EC900F5BE2D /* Hello */ = {
			isa = PBXNativeTarget;
			buildConfigurationList = F41632F4215E0ECA00F5BE2D /* Build configuration list for PBXNativeTarget "Hello" */;
			buildPhases = (
				F41632C8215E0EC900F5BE2D /* Sources */,
				F41632C9215E0EC900F5BE2D /* Frameworks */,
				F41632CA215E0EC900F5BE2D /* Resources */,
			);
			buildRules = (
			);
			dependencies = (
			);
			name = Hello;
			productName = Hello;
			productReference = F41632CC215E0EC900F5BE2D /* Hello.app */;
			productType = "com.apple.product-type.application";
		};
		F41632DF215E0ECA00F5BE2D /* HelloTests */ = {
			isa = PBXNativeTarget;
			buildConfigurationList = F41632F7215E0ECA00F5BE2D /* Build configuration list for PBXNativeTarget "HelloTests" */;
			buildPhases = (
				F41632DC215E0ECA00F5BE2D /* Sources */,
				F41632DD215E0ECA00F5BE2D /* Frameworks */,
				F41632DE215E0ECA00F5BE2D /* Resources */,
			);
			buildRules = (
			);
			dependencies = (
				F41632E2215E0ECA00F5BE2D /* PBXTargetDependency */,
			);
			name = HelloTests;
			productName = HelloTests;
			productReference = F41632E0215E0ECA00F5BE2D /* HelloTests.xctest */;
			productType = "com.apple.product-type.bundle.unit-test";
		};
		F41632EA215E0ECA00F5BE2D /* HelloUITests */ = {
			isa = PBXNativeTarget;
			buildConfigurationList = F41632FA215E0ECA00F5BE2D /* Build configuration list for PBXNativeTarget "HelloUITests" */;
			buildPhases = (
				F41632E7215E0ECA00F5BE2D /* Sources */,
				F41632E8215E0ECA00F5BE2D /* Frameworks */,
				F41632E9215E0ECA00F5BE2D /* Resources */,
			);
			buildRules = (
			);
			dependencies = (
				F41632ED215E0ECA00F5BE2D /* PBXTargetDependency */,
			);
			name = HelloUITests;
			productName = HelloUITests;
			productReference = F41632EB215E0ECA00F5BE2D /* HelloUITests.xctest */;
			productType = "com.apple.product-type.bundle.ui-testing";
		};
/* End PBXNativeTarget section */

/* Begin PBXProject section */
		F41632C4215E0EC900F5BE2D /* Project object */ = {
			isa = PBXProject;
			attributes = {
				LastSwiftUpdateCheck = 1000;
				LastUpgradeCheck = 1000;
				ORGANIZATIONNAME = "Aaron Nguyen";
				TargetAttributes = {
					F41632CB215E0EC900F5BE2D = {
						CreatedOnToolsVersion = 10.0;
					};
					F41632DF215E0ECA00F5BE2D = {
						CreatedOnToolsVersion = 10.0;
						TestTargetID = F41632CB215E0EC900F5BE2D;
					};
					F41632EA215E0ECA00F5BE2D = {
						CreatedOnToolsVersion = 10.0;
						TestTargetID = F41632CB215E0EC900F5BE2D;
					};
				};
			};
			buildConfigurationList = F41632C7215E0EC900F5BE2D /* Build configuration list for PBXProject "Hello" */;
			compatibilityVersion = "Xcode 9.3";
			developmentRegion = en;
			hasScannedForEncodings = 0;
			knownRegions = (
				en,
				Base,
			);
			mainGroup = F41632C3215E0EC900F5BE2D;
			productRefGroup = F41632CD215E0EC900F5BE2D /* Products */;
			projectDirPath = "";
			projectRoot = "";
			targets = (
				F41632CB215E0EC900F5BE2D /* Hello */,
				F41632DF215E0ECA00F5BE2D /* HelloTests */,
				F41632EA215E0ECA00F5BE2D /* HelloUITests */,
			);
		};
/* End PBXProject section */

/* Begin PBXResourcesBuildPhase section */
		F41632CA215E0EC900F5BE2D /* Resources */ = {
			isa = PBXResourcesBuildPhase;
			buildActionMask = 2147483647;
			files = (
				F41632DA215E0ECA00F5BE2D /* LaunchScreen.storyboard in Resources */,
				F41632D7215E0ECA00F5BE2D /* Assets.xcassets in Resources */,
				F41632D5215E0EC900F5BE2D /* Main.storyboard in Resources */,
			);
			runOnlyForDeploymentPostprocessing = 0;
		};
		F41632DE215E0ECA00F5BE2D /* Resources */ = {
			isa = PBXResourcesBuildPhase;
			buildActionMask = 2147483647;
			files = (
			);
			runOnlyForDeploymentPostprocessing = 0;
		};
		F41632E9215E0ECA00F5BE2D /* Resources */ = {
			isa = PBXResourcesBuildPhase;
			buildActionMask = 2147483647;
			files = (
			);
			runOnlyForDeploymentPostprocessing = 0;
		};
/* End PBXResourcesBuildPhase section */

/* Begin PBXSourcesBuildPhase section */
		F41632C8215E0EC900F5BE2D /* Sources */ = {
			isa = PBXSourcesBuildPhase;
			buildActionMask = 2147483647;
			files = (
				F41632D2215E0EC900F5BE2D /* ViewController.swift in Sources */,
				F41632D0215E0EC900F5BE2D /* AppDelegate.swift in Sources */,
			);
			runOnlyForDeploymentPostprocessing = 0;
		};
		F41632DC215E0ECA00F5BE2D /* Sources */ = {
			isa = PBXSourcesBuildPhase;
			buildActionMask = 2147483647;
			files = (
				F41632E5215E0ECA00F5BE2D /* HelloTests.swift in Sources */,
			);
			runOnlyForDeploymentPostprocessing = 0;
		};
		F41632E7215E0ECA00F5BE2D /* Sources */ = {
			isa = PBXSourcesBuildPhase;
			buildActionMask = 2147483647;
			files = (
				F41632F0215E0ECA00F5BE2D /* HelloUITests.swift in Sources */,
			);
			runOnlyForDeploymentPostprocessing = 0;
		};
/* End PBXSourcesBuildPhase section */

/* Begin PBXTargetDependency section */
		F41632E2215E0ECA00F5BE2D /* PBXTargetDependency */ = {
			isa = PBXTargetDependency;
			target = F41632CB215E0EC900F5BE2D /* Hello */;
			targetProxy = F41632E1215E0ECA00F5BE2D /* PBXContainerItemProxy */;
		};
		F41632ED215E0ECA00F5BE2D /* PBXTargetDependency */ = {
			isa = PBXTargetDependency;
			target = F41632CB215E0EC900F5BE2D /* Hello */;
			targetProxy = F41632EC215E0ECA00F5BE2D /* PBXContainerItemProxy */;
		};
/* End PBXTargetDependency section */

/* Begin PBXVariantGroup section */
		F41632D3215E0EC900F5BE2D /* Main.storyboard */ = {
			isa = PBXVariantGroup;
			children = (
				F41632D4215E0EC900F5BE2D /* Base */,
			);
			name = Main.storyboard;
			sourceTree = "<group>";
		};
		F41632D8215E0ECA00F5BE2D /* LaunchScreen.storyboard */ = {
			isa = PBXVariantGroup;
			children = (
				F41632D9215E0ECA00F5BE2D /* Base */,
			);
			name = LaunchScreen.storyboard;
			sourceTree = "<group>";
		};
/* End PBXVariantGroup section */

/* Begin XCBuildConfiguration section */
		F41632F2215E0ECA00F5BE2D /* Debug */ = {
			isa = XCBuildConfiguration;
			buildSettings = {
				ALWAYS_SEARCH_USER_PATHS = NO;
				CLANG_ANALYZER_NONNULL = YES;
				CLANG_ANALYZER_NUMBER_OBJECT_CONVERSION = YES_AGGRESSIVE;
				CLANG_CXX_LANGUAGE_STANDARD = "gnu++14";
				CLANG_CXX_LIBRARY = "libc++";
				CLANG_ENABLE_MODULES = YES;
				CLANG_ENABLE_OBJC_ARC = YES;
				CLANG_ENABLE_OBJC_WEAK = YES;
				CLANG_WARN_BLOCK_CAPTURE_AUTORELEASING = YES;
				CLANG_WARN_BOOL_CONVERSION = YES;
				CLANG_WARN_COMMA = YES;
				CLANG_WARN_CONSTANT_CONVERSION = YES;
				CLANG_WARN_DEPRECATED_OBJC_IMPLEMENTATIONS = YES;
				CLANG_WARN_DIRECT_OBJC_ISA_USAGE = YES_ERROR;
				CLANG_WARN_DOCUMENTATION_COMMENTS = YES;
				CLANG_WARN_EMPTY_BODY = YES;
				CLANG_WARN_ENUM_CONVERSION = YES;
				CLANG_WARN_INFINITE_RECURSION = YES;
				CLANG_WARN_INT_CONVERSION = YES;
				CLANG_WARN_NON_LITERAL_NULL_CONVERSION = YES;
				CLANG_WARN_OBJC_IMPLICIT_RETAIN_SELF = YES;
				CLANG_WARN_OBJC_LITERAL_CONVERSION = YES;
				CLANG_WARN_OBJC_ROOT_CLASS = YES_ERROR;
				CLANG_WARN_RANGE_LOOP_ANALYSIS = YES;
				CLANG_WARN_STRICT_PROTOTYPES = YES;
				CLANG_WARN_SUSPICIOUS_MOVE = YES;
				CLANG_WARN_UNGUARDED_AVAILABILITY = YES_AGGRESSIVE;
				CLANG_WARN_UNREACHABLE_CODE = YES;
				CLANG_WARN__DUPLICATE_METHOD_MATCH = YES;
				CODE_SIGN_IDENTITY = "iPhone Developer";
				COPY_PHASE_STRIP = NO;
				DEBUG_INFORMATION_FORMAT = dwarf;
				ENABLE_STRICT_OBJC_MSGSEND = YES;
				ENABLE_TESTABILITY = YES;
				GCC_C_LANGUAGE_STANDARD = gnu11;
				GCC_DYNAMIC_NO_PIC = NO;
				GCC_NO_COMMON_BLOCKS = YES;
				GCC_OPTIMIZATION_LEVEL = 0;
				GCC_PREPROCESSOR_DEFINITIONS = (
					"DEBUG=1",
					"$(inherited)",
				);
				GCC_WARN_64_TO_32_BIT_CONVERSION = YES;
				GCC_WARN_ABOUT_RETURN_TYPE = YES_ERROR;
				GCC_WARN_UNDECLARED_SELECTOR = YES;
				GCC_WARN_UNINITIALIZED_AUTOS = YES_AGGRESSIVE;
				GCC_WARN_UNUSED_FUNCTION = YES;
				GCC_WARN_UNUSED_VARIABLE = YES;
				IPHONEOS_DEPLOYMENT_TARGET = 12.0;
				MTL_ENABLE_DEBUG_INFO = INCLUDE_SOURCE;
				MTL_FAST_MATH = YES;
				ONLY_ACTIVE_ARCH = YES;
				SDKROOT = iphoneos;
				SWIFT_ACTIVE_COMPILATION_CONDITIONS = DEBUG;
				SWIFT_OPTIMIZATION_LEVEL = "-Onone";
			};
			name = Debug;
		};
		F41632F3215E0ECA00F5BE2D /* Release */ = {
			isa = XCBuildConfiguration;
			buildSettings = {
				ALWAYS_SEARCH_USER_PATHS = NO;
				CLANG_ANALYZER_NONNULL = YES;
				CLANG_ANALYZER_NUMBER_OBJECT_CONVERSION = YES_AGGRESSIVE;
				CLANG_CXX_LANGUAGE_STANDARD = "gnu++14";
				CLANG_CXX_LIBRARY = "libc++";
				CLANG_ENABLE_MODULES = YES;
				CLANG_ENABLE_OBJC_ARC = YES;
				CLANG_ENABLE_OBJC_WEAK = YES;
				CLANG_WARN_BLOCK_CAPTURE_AUTORELEASING = YES;
				CLANG_WARN_BOOL_CONVERSION = YES;
				CLANG_WARN_COMMA = YES;
				CLANG_WARN_CONSTANT_CONVERSION = YES;
				CLANG_WARN_DEPRECATED_OBJC_IMPLEMENTATIONS = YES;
				CLANG_WARN_DIRECT_OBJC_ISA_USAGE = YES_ERROR;
				CLANG_WARN_DOCUMENTATION_COMMENTS = YES;
				CLANG_WARN_EMPTY_BODY = YES;
				CLANG_WARN_ENUM_CONVERSION = YES;
				CLANG_WARN_INFINITE_RECURSION = YES;
				CLANG_WARN_INT_CONVERSION = YES;
				CLANG_WARN_NON_LITERAL_NULL_CONVERSION = YES;
				CLANG_WARN_OBJC_IMPLICIT_RETAIN_SELF = YES;
				CLANG_WARN_OBJC_LITERAL_CONVERSION = YES;
				CLANG_WARN_OBJC_ROOT_CLASS = YES_ERROR;
				CLANG_WARN_RANGE_LOOP_ANALYSIS = YES;
				CLANG_WARN_STRICT_PROTOTYPES = YES;
				CLANG_WARN_SUSPICIOUS_MOVE = YES;
				CLANG_WARN_UNGUARDED_AVAILABILITY = YES_AGGRESSIVE;
				CLANG_WARN_UNREACHABLE_CODE = YES;
				CLANG_WARN__DUPLICATE_METHOD_MATCH = YES;
				CODE_SIGN_IDENTITY = "iPhone Developer";
				COPY_PHASE_STRIP = NO;
				DEBUG_INFORMATION_FORMAT = "dwarf-with-dsym";
				ENABLE_NS_ASSERTIONS = NO;
				ENABLE_STRICT_OBJC_MSGSEND = YES;
				GCC_C_LANGUAGE_STANDARD = gnu11;
				GCC_NO_COMMON_BLOCKS = YES;
				GCC_WARN_64_TO_32_BIT_CONVERSION = YES;
				GCC_WARN_ABOUT_RETURN_TYPE = YES_ERROR;
				GCC_WARN_UNDECLARED_SELECTOR = YES;
				GCC_WARN_UNINITIALIZED_AUTOS = YES_AGGRESSIVE;
				GCC_WARN_UNUSED_FUNCTION = YES;
				GCC_WARN_UNUSED_VARIABLE = YES;
				IPHONEOS_DEPLOYMENT_TARGET = 12.0;
				MTL_ENABLE_DEBUG_INFO = NO;
				MTL_FAST_MATH = YES;
				SDKROOT = iphoneos;
				SWIFT_COMPILATION_MODE = wholemodule;
				SWIFT_OPTIMIZATION_LEVEL = "-O";
				VALIDATE_PRODUCT = YES;
			};
			name = Release;
		};
		F41632F5215E0ECA00F5BE2D /* Debug */ = {
			isa = XCBuildConfiguration;
			buildSettings = {
				ASSETCATALOG_COMPILER_APPICON_NAME = AppIcon;
				CODE_SIGN_STYLE = Automatic;
				DEVELOPMENT_TEAM = DN5JPQ5Z2H;
				INFOPLIST_FILE = Hello/Info.plist;
				LD_RUNPATH_SEARCH_PATHS = (
					"$(inherited)",
					"@executable_path/Frameworks",
				);
				PRODUCT_BUNDLE_IDENTIFIER = com.aaronnguyen.Hello;
				PRODUCT_NAME = "$(TARGET_NAME)";
				SWIFT_VERSION = 4.2;
				TARGETED_DEVICE_FAMILY = "1,2";
			};
			name = Debug;
		};
		F41632F6215E0ECA00F5BE2D /* Release */ = {
			isa = XCBuildConfiguration;
			buildSettings = {
				ASSETCATALOG_COMPILER_APPICON_NAME = AppIcon;
				CODE_SIGN_STYLE = Automatic;
				DEVELOPMENT_TEAM = DN5JPQ5Z2H;
				INFOPLIST_FILE = Hello/Info.plist;
				LD_RUNPATH_SEARCH_PATHS = (
					"$(inherited)",
					"@executable_path/Frameworks",
				);
				PRODUCT_BUNDLE_IDENTIFIER = com.aaronnguyen.Hello;
				PRODUCT_NAME = "$(TARGET_NAME)";
				SWIFT_VERSION = 4.2;
				TARGETED_DEVICE_FAMILY = "1,2";
			};
			name = Release;
		};
		F41632F8215E0ECA00F5BE2D /* Debug */ = {
			isa = XCBuildConfiguration;
			buildSettings = {
				ALWAYS_EMBED_SWIFT_STANDARD_LIBRARIES = YES;
				BUNDLE_LOADER = "$(TEST_HOST)";
				CODE_SIGN_STYLE = Automatic;
				INFOPLIST_FILE = HelloTests/Info.plist;
				LD_RUNPATH_SEARCH_PATHS = (
					"$(inherited)",
					"@executable_path/Frameworks",
					"@loader_path/Frameworks",
				);
				PRODUCT_BUNDLE_IDENTIFIER = com.aaronnguyen.HelloTests;
				PRODUCT_NAME = "$(TARGET_NAME)";
				SWIFT_VERSION = 4.2;
				TARGETED_DEVICE_FAMILY = "1,2";
				TEST_HOST = "$(BUILT_PRODUCTS_DIR)/Hello.app/Hello";
			};
			name = Debug;
		};
		F41632F9215E0ECA00F5BE2D /* Release */ = {
			isa = XCBuildConfiguration;
			buildSettings = {
				ALWAYS_EMBED_SWIFT_STANDARD_LIBRARIES = YES;
				BUNDLE_LOADER = "$(TEST_HOST)";
				CODE_SIGN_STYLE = Automatic;
				INFOPLIST_FILE = HelloTests/Info.plist;
				LD_RUNPATH_SEARCH_PATHS = (
					"$(inherited)",
					"@executable_path/Frameworks",
					"@loader_path/Frameworks",
				);
				PRODUCT_BUNDLE_IDENTIFIER = com.aaronnguyen.HelloTests;
				PRODUCT_NAME = "$(TARGET_NAME)";
				SWIFT_VERSION = 4.2;
				TARGETED_DEVICE_FAMILY = "1,2";
				TEST_HOST = "$(BUILT_PRODUCTS_DIR)/Hello.app/Hello";
			};
			name = Release;
		};
		F41632FB215E0ECA00F5BE2D /* Debug */ = {
			isa = XCBuildConfiguration;
			buildSettings = {
				ALWAYS_EMBED_SWIFT_STANDARD_LIBRARIES = YES;
				CODE_SIGN_STYLE = Automatic;
				INFOPLIST_FILE = HelloUITests/Info.plist;
				LD_RUNPATH_SEARCH_PATHS = (
					"$(inherited)",
					"@executable_path/Frameworks",
					"@loader_path/Frameworks",
				);
				PRODUCT_BUNDLE_IDENTIFIER = com.aaronnguyen.HelloUITests;
				PRODUCT_NAME = "$(TARGET_NAME)";
				SWIFT_VERSION = 4.2;
				TARGETED_DEVICE_FAMILY = "1,2";
				TEST_TARGET_NAME = Hello;
			};
			name = Debug;
		};
		F41632FC215E0ECA00F5BE2D /* Release */ = {
			isa = XCBuildConfiguration;
			buildSettings = {
				ALWAYS_EMBED_SWIFT_STANDARD_LIBRARIES = YES;
				CODE_SIGN_STYLE = Automatic;
				INFOPLIST_FILE = HelloUITests/Info.plist;
				LD_RUNPATH_SEARCH_PATHS = (
					"$(inherited)",
					"@executable_path/Frameworks",
					"@loader_path/Frameworks",
				);
				PRODUCT_BUNDLE_IDENTIFIER = com.aaronnguyen.HelloUITests;
				PRODUCT_NAME = "$(TARGET_NAME)";
				SWIFT_VERSION = 4.2;
				TARGETED_DEVICE_FAMILY = "1,2";
				TEST_TARGET_NAME = Hello;
			};
			name = Release;
		};
/* End XCBuildConfiguration section */

/* Begin XCConfigurationList section */
		F41632C7215E0EC900F5BE2D /* Build configuration list for PBXProject "Hello" */ = {
			isa = XCConfigurationList;
			buildConfigurations = (
				F41632F2215E0ECA00F5BE2D /* Debug */,
				F41632F3215E0ECA00F5BE2D /* Release */,
			);
			defaultConfigurationIsVisible = 0;
			defaultConfigurationName = Release;
		};
		F41632F4215E0ECA00F5BE2D /* Build configuration list for PBXNativeTarget "Hello" */ = {
			isa = XCConfigurationList;
			buildConfigurations = (
				F41632F5215E0ECA00F5BE2D /* Debug */,
				F41632F6215E0ECA00F5BE2D /* Release */,
			);
			defaultConfigurationIsVisible = 0;
			defaultConfigurationName = Release;
		};
		F41632F7215E0ECA00F5BE2D /* Build configuration list for PBXNativeTarget "HelloTests" */ = {
			isa = XCConfigurationList;
			buildConfigurations = (
				F41632F8215E0ECA00F5BE2D /* Debug */,
				F41632F9215E0ECA00F5BE2D /* Release */,
			);
			defaultConfigurationIsVisible = 0;
			defaultConfigurationName = Release;
		};
		F41632FA215E0ECA00F5BE2D /* Build configuration list for PBXNativeTarget "HelloUITests" */ = {
			isa = XCConfigurationList;
			buildConfigurations = (
				F41632FB215E0ECA00F5BE2D /* Debug */,
				F41632FC215E0ECA00F5BE2D /* Release */,
			);
			defaultConfigurationIsVisible = 0;
			defaultConfigurationName = Release;
		};
/* End XCConfigurationList section */
	};
	rootObject = F41632C4215E0EC900F5BE2D /* Project object */;
}
